// !$*UTF8*$!
{
	archiveVersion = 1;
	classes = {
	};
	objectVersion = 50;
	objects = {

/* Begin PBXBuildFile section */
		850B56432396FD3B00FD58A7 /* AppDelegate.swift in Sources */ = {isa = PBXBuildFile; fileRef = 850B56422396FD3B00FD58A7 /* AppDelegate.swift */; };
		850B56452396FD3B00FD58A7 /* SceneDelegate.swift in Sources */ = {isa = PBXBuildFile; fileRef = 850B56442396FD3B00FD58A7 /* SceneDelegate.swift */; };
		850B56472396FD3B00FD58A7 /* ViewController.swift in Sources */ = {isa = PBXBuildFile; fileRef = 850B56462396FD3B00FD58A7 /* ViewController.swift */; };
		850B564A2396FD3B00FD58A7 /* Main.storyboard in Resources */ = {isa = PBXBuildFile; fileRef = 850B56482396FD3B00FD58A7 /* Main.storyboard */; };
		850B564C2396FD3E00FD58A7 /* Assets.xcassets in Resources */ = {isa = PBXBuildFile; fileRef = 850B564B2396FD3E00FD58A7 /* Assets.xcassets */; };
		850B564F2396FD3E00FD58A7 /* LaunchScreen.storyboard in Resources */ = {isa = PBXBuildFile; fileRef = 850B564D2396FD3E00FD58A7 /* LaunchScreen.storyboard */; };
/* End PBXBuildFile section */

/* Begin PBXFileReference section */
		850B563F2396FD3B00FD58A7 /* SwiftGenerics.app */ = {isa = PBXFileReference; explicitFileType = wrapper.application; includeInIndex = 0; path = SwiftGenerics.app; sourceTree = BUILT_PRODUCTS_DIR; };
		850B56422396FD3B00FD58A7 /* AppDelegate.swift */ = {isa = PBXFileReference; lastKnownFileType = sourcecode.swift; path = AppDelegate.swift; sourceTree = "<group>"; };
		850B56442396FD3B00FD58A7 /* SceneDelegate.swift */ = {isa = PBXFileReference; lastKnownFileType = sourcecode.swift; path = SceneDelegate.swift; sourceTree = "<group>"; };
		850B56462396FD3B00FD58A7 /* ViewController.swift */ = {isa = PBXFileReference; lastKnownFileType = sourcecode.swift; path = ViewController.swift; sourceTree = "<group>"; };
		850B56492396FD3B00FD58A7 /* Base */ = {isa = PBXFileReference; lastKnownFileType = file.storyboard; name = Base; path = Base.lproj/Main.storyboard; sourceTree = "<group>"; };
		850B564B2396FD3E00FD58A7 /* Assets.xcassets */ = {isa = PBXFileReference; lastKnownFileType = folder.assetcatalog; path = Assets.xcassets; sourceTree = "<group>"; };
		850B564E2396FD3E00FD58A7 /* Base */ = {isa = PBXFileReference; lastKnownFileType = file.storyboard; name = Base; path = Base.lproj/LaunchScreen.storyboard; sourceTree = "<group>"; };
		850B56502396FD3E00FD58A7 /* Info.plist */ = {isa = PBXFileReference; lastKnownFileType = text.plist.xml; path = Info.plist; sourceTree = "<group>"; };
/* End PBXFileReference section */

/* Begin PBXFrameworksBuildPhase section */
		850B563C2396FD3B00FD58A7 /* Frameworks */ = {
			isa = PBXFrameworksBuildPhase;
			buildActionMask = 2147483647;
			files = (
			);
			runOnlyForDeploymentPostprocessing = 0;
		};
/* End PBXFrameworksBuildPhase section */

/* Begin PBXGroup section */
		850B56362396FD3B00FD58A7 = {
			isa = PBXGroup;
			children = (
				850B56412396FD3B00FD58A7 /* SwiftGenerics */,
				850B56402396FD3B00FD58A7 /* Products */,
			);
			sourceTree = "<group>";
		};
		850B56402396FD3B00FD58A7 /* Products */ = {
			isa = PBXGroup;
			children = (
				850B563F2396FD3B00FD58A7 /* SwiftGenerics.app */,
			);
			name = Products;
			sourceTree = "<group>";
		};
		850B56412396FD3B00FD58A7 /* SwiftGenerics */ = {
			isa = PBXGroup;
			children = (
				850B56422396FD3B00FD58A7 /* AppDelegate.swift */,
				850B56442396FD3B00FD58A7 /* SceneDelegate.swift */,
				850B56462396FD3B00FD58A7 /* ViewController.swift */,
				850B56482396FD3B00FD58A7 /* Main.storyboard */,
				850B564B2396FD3E00FD58A7 /* Assets.xcassets */,
				850B564D2396FD3E00FD58A7 /* LaunchScreen.storyboard */,
				850B56502396FD3E00FD58A7 /* Info.plist */,
			);
			path = SwiftGenerics;
			sourceTree = "<group>";
		};
/* End PBXGroup section */

/* Begin PBXNativeTarget section */
		850B563E2396FD3B00FD58A7 /* SwiftGenerics */ = {
			isa = PBXNativeTarget;
			buildConfigurationList = 850B56532396FD3E00FD58A7 /* Build configuration list for PBXNativeTarget "SwiftGenerics" */;
			buildPhases = (
				850B563B2396FD3B00FD58A7 /* Sources */,
				850B563C2396FD3B00FD58A7 /* Frameworks */,
				850B563D2396FD3B00FD58A7 /* Resources */,
			);
			buildRules = (
			);
			dependencies = (
			);
			name = SwiftGenerics;
			productName = SwiftGenerics;
			productReference = 850B563F2396FD3B00FD58A7 /* SwiftGenerics.app */;
			productType = "com.apple.product-type.application";
		};
/* End PBXNativeTarget section */

/* Begin PBXProject section */
		850B56372396FD3B00FD58A7 /* Project object */ = {
			isa = PBXProject;
			attributes = {
				LastSwiftUpdateCheck = 1120;
				LastUpgradeCheck = 1120;
				ORGANIZATIONNAME = Brandi;
				TargetAttributes = {
					850B563E2396FD3B00FD58A7 = {
						CreatedOnToolsVersion = 11.2.1;
					};
				};
			};
			buildConfigurationList = 850B563A2396FD3B00FD58A7 /* Build configuration list for PBXProject "SwiftGenerics" */;
			compatibilityVersion = "Xcode 9.3";
			developmentRegion = en;
			hasScannedForEncodings = 0;
			knownRegions = (
				en,
				Base,
			);
			mainGroup = 850B56362396FD3B00FD58A7;
			productRefGroup = 850B56402396FD3B00FD58A7 /* Products */;
			projectDirPath = "";
			projectRoot = "";
			targets = (
				850B563E2396FD3B00FD58A7 /* SwiftGenerics */,
			);
		};
/* End PBXProject section */

/* Begin PBXResourcesBuildPhase section */
		850B563D2396FD3B00FD58A7 /* Resources */ = {
			isa = PBXResourcesBuildPhase;
			buildActionMask = 2147483647;
			files = (
				850B564F2396FD3E00FD58A7 /* LaunchScreen.storyboard in Resources */,
				850B564C2396FD3E00FD58A7 /* Assets.xcassets in Resources */,
				850B564A2396FD3B00FD58A7 /* Main.storyboard in Resources */,
			);
			runOnlyForDeploymentPostprocessing = 0;
		};
/* End PBXResourcesBuildPhase section */

/* Begin PBXSourcesBuildPhase section */
		850B563B2396FD3B00FD58A7 /* Sources */ = {
			isa = PBXSourcesBuildPhase;
			buildActionMask = 2147483647;
			files = (
				850B56472396FD3B00FD58A7 /* ViewController.swift in Sources */,
				850B56432396FD3B00FD58A7 /* AppDelegate.swift in Sources */,
				850B56452396FD3B00FD58A7 /* SceneDelegate.swift in Sources */,
			);
			runOnlyForDeploymentPostprocessing = 0;
		};
/* End PBXSourcesBuildPhase section */

/* Begin PBXVariantGroup section */
		850B56482396FD3B00FD58A7 /* Main.storyboard */ = {
			isa = PBXVariantGroup;
			children = (
				850B56492396FD3B00FD58A7 /* Base */,
			);
			name = Main.storyboard;
			sourceTree = "<group>";
		};
		850B564D2396FD3E00FD58A7 /* LaunchScreen.storyboard */ = {
			isa = PBXVariantGroup;
			children = (
				850B564E2396FD3E00FD58A7 /* Base */,
			);
			name = LaunchScreen.storyboard;
			sourceTree = "<group>";
		};
/* End PBXVariantGroup section */

/* Begin XCBuildConfiguration section */
		850B56512396FD3E00FD58A7 /* Debug */ = {
			isa = XCBuildConfiguration;
			buildSettings = {
				ALWAYS_SEARCH_USER_PATHS = NO;
				CLANG_ANALYZER_NONNULL = YES;
				CLANG_ANALYZER_NUMBER_OBJECT_CONVERSION = YES_AGGRESSIVE;
				CLANG_CXX_LANGUAGE_STANDARD = "gnu++14";
				CLANG_CXX_LIBRARY = "libc++";
				CLANG_ENABLE_MODULES = YES;
				CLANG_ENABLE_OBJC_ARC = YES;
				CLANG_ENABLE_OBJC_WEAK = YES;
				CLANG_WARN_BLOCK_CAPTURE_AUTORELEASING = YES;
				CLANG_WARN_BOOL_CONVERSION = YES;
				CLANG_WARN_COMMA = YES;
				CLANG_WARN_CONSTANT_CONVERSION = YES;
				CLANG_WARN_DEPRECATED_OBJC_IMPLEMENTATIONS = YES;
				CLANG_WARN_DIRECT_OBJC_ISA_USAGE = YES_ERROR;
				CLANG_WARN_DOCUMENTATION_COMMENTS = YES;
				CLANG_WARN_EMPTY_BODY = YES;
				CLANG_WARN_ENUM_CONVERSION = YES;
				CLANG_WARN_INFINITE_RECURSION = YES;
				CLANG_WARN_INT_CONVERSION = YES;
				CLANG_WARN_NON_LITERAL_NULL_CONVERSION = YES;
				CLANG_WARN_OBJC_IMPLICIT_RETAIN_SELF = YES;
				CLANG_WARN_OBJC_LITERAL_CONVERSION = YES;
				CLANG_WARN_OBJC_ROOT_CLASS = YES_ERROR;
				CLANG_WARN_RANGE_LOOP_ANALYSIS = YES;
				CLANG_WARN_STRICT_PROTOTYPES = YES;
				CLANG_WARN_SUSPICIOUS_MOVE = YES;
				CLANG_WARN_UNGUARDED_AVAILABILITY = YES_AGGRESSIVE;
				CLANG_WARN_UNREACHABLE_CODE = YES;
				CLANG_WARN__DUPLICATE_METHOD_MATCH = YES;
				COPY_PHASE_STRIP = NO;
				DEBUG_INFORMATION_FORMAT = dwarf;
				ENABLE_STRICT_OBJC_MSGSEND = YES;
				ENABLE_TESTABILITY = YES;
				GCC_C_LANGUAGE_STANDARD = gnu11;
				GCC_DYNAMIC_NO_PIC = NO;
				GCC_NO_COMMON_BLOCKS = YES;
				GCC_OPTIMIZATION_LEVEL = 0;
				GCC_PREPROCESSOR_DEFINITIONS = (
					"DEBUG=1",
					"$(inherited)",
				);
				GCC_WARN_64_TO_32_BIT_CONVERSION = YES;
				GCC_WARN_ABOUT_RETURN_TYPE = YES_ERROR;
				GCC_WARN_UNDECLARED_SELECTOR = YES;
				GCC_WARN_UNINITIALIZED_AUTOS = YES_AGGRESSIVE;
				GCC_WARN_UNUSED_FUNCTION = YES;
				GCC_WARN_UNUSED_VARIABLE = YES;
				IPHONEOS_DEPLOYMENT_TARGET = 13.2;
				MTL_ENABLE_DEBUG_INFO = INCLUDE_SOURCE;
				MTL_FAST_MATH = YES;
				ONLY_ACTIVE_ARCH = YES;
				SDKROOT = iphoneos;
				SWIFT_ACTIVE_COMPILATION_CONDITIONS = DEBUG;
				SWIFT_OPTIMIZATION_LEVEL = "-Onone";
			};
			name = Debug;
		};
		850B56522396FD3E00FD58A7 /* Release */ = {
			isa = XCBuildConfiguration;
			buildSettings = {
				ALWAYS_SEARCH_USER_PATHS = NO;
				CLANG_ANALYZER_NONNULL = YES;
				CLANG_ANALYZER_NUMBER_OBJECT_CONVERSION = YES_AGGRESSIVE;
				CLANG_CXX_LANGUAGE_STANDARD = "gnu++14";
				CLANG_CXX_LIBRARY = "libc++";
				CLANG_ENABLE_MODULES = YES;
				CLANG_ENABLE_OBJC_ARC = YES;
				CLANG_ENABLE_OBJC_WEAK = YES;
				CLANG_WARN_BLOCK_CAPTURE_AUTORELEASING = YES;
				CLANG_WARN_BOOL_CONVERSION = YES;
				CLANG_WARN_COMMA = YES;
				CLANG_WARN_CONSTANT_CONVERSION = YES;
				CLANG_WARN_DEPRECATED_OBJC_IMPLEMENTATIONS = YES;
				CLANG_WARN_DIRECT_OBJC_ISA_USAGE = YES_ERROR;
				CLANG_WARN_DOCUMENTATION_COMMENTS = YES;
				CLANG_WARN_EMPTY_BODY = YES;
				CLANG_WARN_ENUM_CONVERSION = YES;
				CLANG_WARN_INFINITE_RECURSION = YES;
				CLANG_WARN_INT_CONVERSION = YES;
				CLANG_WARN_NON_LITERAL_NULL_CONVERSION = YES;
				CLANG_WARN_OBJC_IMPLICIT_RETAIN_SELF = YES;
				CLANG_WARN_OBJC_LITERAL_CONVERSION = YES;
				CLANG_WARN_OBJC_ROOT_CLASS = YES_ERROR;
				CLANG_WARN_RANGE_LOOP_ANALYSIS = YES;
				CLANG_WARN_STRICT_PROTOTYPES = YES;
				CLANG_WARN_SUSPICIOUS_MOVE = YES;
				CLANG_WARN_UNGUARDED_AVAILABILITY = YES_AGGRESSIVE;
				CLANG_WARN_UNREACHABLE_CODE = YES;
				CLANG_WARN__DUPLICATE_METHOD_MATCH = YES;
				COPY_PHASE_STRIP = NO;
				DEBUG_INFORMATION_FORMAT = "dwarf-with-dsym";
				ENABLE_NS_ASSERTIONS = NO;
				ENABLE_STRICT_OBJC_MSGSEND = YES;
				GCC_C_LANGUAGE_STANDARD = gnu11;
				GCC_NO_COMMON_BLOCKS = YES;
				GCC_WARN_64_TO_32_BIT_CONVERSION = YES;
				GCC_WARN_ABOUT_RETURN_TYPE = YES_ERROR;
				GCC_WARN_UNDECLARED_SELECTOR = YES;
				GCC_WARN_UNINITIALIZED_AUTOS = YES_AGGRESSIVE;
				GCC_WARN_UNUSED_FUNCTION = YES;
				GCC_WARN_UNUSED_VARIABLE = YES;
				IPHONEOS_DEPLOYMENT_TARGET = 13.2;
				MTL_ENABLE_DEBUG_INFO = NO;
				MTL_FAST_MATH = YES;
				SDKROOT = iphoneos;
				SWIFT_COMPILATION_MODE = wholemodule;
				SWIFT_OPTIMIZATION_LEVEL = "-O";
				VALIDATE_PRODUCT = YES;
			};
			name = Release;
		};
		850B56542396FD3E00FD58A7 /* Debug */ = {
			isa = XCBuildConfiguration;
			buildSettings = {
				ASSETCATALOG_COMPILER_APPICON_NAME = AppIcon;
				CODE_SIGN_STYLE = Automatic;
				DEVELOPMENT_TEAM = UF4PHTK7P6;
				INFOPLIST_FILE = SwiftGenerics/Info.plist;
				LD_RUNPATH_SEARCH_PATHS = (
					"$(inherited)",
					"@executable_path/Frameworks",
				);
				PRODUCT_BUNDLE_IDENTIFIER = com.brandi.SwiftGenerics;
				PRODUCT_NAME = "$(TARGET_NAME)";
				SWIFT_VERSION = 5.0;
				TARGETED_DEVICE_FAMILY = "1,2";
			};
			name = Debug;
		};
		850B56552396FD3E00FD58A7 /* Release */ = {
			isa = XCBuildConfiguration;
			buildSettings = {
				ASSETCATALOG_COMPILER_APPICON_NAME = AppIcon;
				CODE_SIGN_STYLE = Automatic;
				DEVELOPMENT_TEAM = UF4PHTK7P6;
				INFOPLIST_FILE = SwiftGenerics/Info.plist;
				LD_RUNPATH_SEARCH_PATHS = (
					"$(inherited)",
					"@executable_path/Frameworks",
				);
				PRODUCT_BUNDLE_IDENTIFIER = com.brandi.SwiftGenerics;
				PRODUCT_NAME = "$(TARGET_NAME)";
				SWIFT_VERSION = 5.0;
				TARGETED_DEVICE_FAMILY = "1,2";
			};
			name = Release;
		};
/* End XCBuildConfiguration section */

/* Begin XCConfigurationList section */
		850B563A2396FD3B00FD58A7 /* Build configuration list for PBXProject "SwiftGenerics" */ = {
			isa = XCConfigurationList;
			buildConfigurations = (
				850B56512396FD3E00FD58A7 /* Debug */,
				850B56522396FD3E00FD58A7 /* Release */,
			);
			defaultConfigurationIsVisible = 0;
			defaultConfigurationName = Release;
		};
		850B56532396FD3E00FD58A7 /* Build configuration list for PBXNativeTarget "SwiftGenerics" */ = {
			isa = XCConfigurationList;
			buildConfigurations = (
				850B56542396FD3E00FD58A7 /* Debug */,
				850B56552396FD3E00FD58A7 /* Release */,
			);
			defaultConfigurationIsVisible = 0;
			defaultConfigurationName = Release;
		};
/* End XCConfigurationList section */
	};
	rootObject = 850B56372396FD3B00FD58A7 /* Project object */;
}
